
Microsoft Visual Studio Solution File, Format Version 12.00
# Visual Studio Version 17
VisualStudioVersion = 17.6.33829.357
MinimumVisualStudioVersion = 10.0.40219.1
Project("{FAE04EC0-301F-11D3-BF4B-00C04F79EFBC}") = "TWR", "TWR\TWR.csproj", "{776F84EB-B6C2-4AEA-A36E-27F17161BB3D}"
EndProject
Project("{FAE04EC0-301F-11D3-BF4B-00C04F79EFBC}") = "UnitTests", "UnitTests\UnitTests.csproj", "{C53EBB23-6168-4E07-9534-BADA00977FE8}"
EndProject
Global
	GlobalSection(SolutionConfigurationPlatforms) = preSolution
		Debug|Any CPU = Debug|Any CPU
		Release|Any CPU = Release|Any CPU
	EndGlobalSection
	GlobalSection(ProjectConfigurationPlatforms) = postSolution
		{776F84EB-B6C2-4AEA-A36E-27F17161BB3D}.Debug|Any CPU.ActiveCfg = Debug|Any CPU
		{776F84EB-B6C2-4AEA-A36E-27F17161BB3D}.Debug|Any CPU.Build.0 = Debug|Any CPU
		{776F84EB-B6C2-4AEA-A36E-27F17161BB3D}.Release|Any CPU.ActiveCfg = Release|Any CPU
		{776F84EB-B6C2-4AEA-A36E-27F17161BB3D}.Release|Any CPU.Build.0 = Release|Any CPU
		{C53EBB23-6168-4E07-9534-BADA00977FE8}.Debug|Any CPU.ActiveCfg = Debug|Any CPU
		{C53EBB23-6168-4E07-9534-BADA00977FE8}.Debug|Any CPU.Build.0 = Debug|Any CPU
		{C53EBB23-6168-4E07-9534-BADA00977FE8}.Release|Any CPU.ActiveCfg = Release|Any CPU
		{C53EBB23-6168-4E07-9534-BADA00977FE8}.Release|Any CPU.Build.0 = Release|Any CPU
	EndGlobalSection
	GlobalSection(SolutionProperties) = preSolution
		HideSolutionNode = FALSE
	EndGlobalSection
	GlobalSection(ExtensibilityGlobals) = postSolution
		SolutionGuid = {CCADDF88-683C-4B46-B81A-463768BD1840}
	EndGlobalSection
EndGlobal
